// !$*UTF8*$!
{
	archiveVersion = 1;
	classes = {
	};
	objectVersion = 56;
	objects = {

/* Begin PBXBuildFile section */
		8126D2CD29DCEE3B00BD8CA7 /* ClassTableViewCell.swift in Sources */ = {isa = PBXBuildFile; fileRef = 8126D2CC29DCEE3B00BD8CA7 /* ClassTableViewCell.swift */; };
		8126D2D129DD13C700BD8CA7 /* LinkTableViewCell.swift in Sources */ = {isa = PBXBuildFile; fileRef = 8126D2D029DD13C700BD8CA7 /* LinkTableViewCell.swift */; };
		8126D2D329DD1F0E00BD8CA7 /* PostTableViewCell.swift in Sources */ = {isa = PBXBuildFile; fileRef = 8126D2D229DD1F0E00BD8CA7 /* PostTableViewCell.swift */; };
		B53ED10B29BF7AD50087A59A /* AppDelegate.swift in Sources */ = {isa = PBXBuildFile; fileRef = B53ED10A29BF7AD50087A59A /* AppDelegate.swift */; };
		B53ED10D29BF7AD50087A59A /* SceneDelegate.swift in Sources */ = {isa = PBXBuildFile; fileRef = B53ED10C29BF7AD50087A59A /* SceneDelegate.swift */; };
		B53ED10F29BF7AD50087A59A /* ViewController.swift in Sources */ = {isa = PBXBuildFile; fileRef = B53ED10E29BF7AD50087A59A /* ViewController.swift */; };
		B53ED11229BF7AD50087A59A /* Main.storyboard in Resources */ = {isa = PBXBuildFile; fileRef = B53ED11029BF7AD50087A59A /* Main.storyboard */; };
		B53ED11429BF7AD90087A59A /* Assets.xcassets in Resources */ = {isa = PBXBuildFile; fileRef = B53ED11329BF7AD90087A59A /* Assets.xcassets */; };
		B53ED11729BF7AD90087A59A /* LaunchScreen.storyboard in Resources */ = {isa = PBXBuildFile; fileRef = B53ED11529BF7AD90087A59A /* LaunchScreen.storyboard */; };
		B53ED12229BF7ADA0087A59A /* Middle_School_Management_AppTests.swift in Sources */ = {isa = PBXBuildFile; fileRef = B53ED12129BF7ADA0087A59A /* Middle_School_Management_AppTests.swift */; };
		B53ED12C29BF7ADA0087A59A /* Middle_School_Management_AppUITests.swift in Sources */ = {isa = PBXBuildFile; fileRef = B53ED12B29BF7ADA0087A59A /* Middle_School_Management_AppUITests.swift */; };
		B53ED12E29BF7ADA0087A59A /* Middle_School_Management_AppUITestsLaunchTests.swift in Sources */ = {isa = PBXBuildFile; fileRef = B53ED12D29BF7ADA0087A59A /* Middle_School_Management_AppUITestsLaunchTests.swift */; };
/* End PBXBuildFile section */

/* Begin PBXContainerItemProxy section */
		B53ED11E29BF7ADA0087A59A /* PBXContainerItemProxy */ = {
			isa = PBXContainerItemProxy;
			containerPortal = B53ED0FF29BF7AD50087A59A /* Project object */;
			proxyType = 1;
			remoteGlobalIDString = B53ED10629BF7AD50087A59A;
			remoteInfo = Middle_School_Management_App;
		};
		B53ED12829BF7ADA0087A59A /* PBXContainerItemProxy */ = {
			isa = PBXContainerItemProxy;
			containerPortal = B53ED0FF29BF7AD50087A59A /* Project object */;
			proxyType = 1;
			remoteGlobalIDString = B53ED10629BF7AD50087A59A;
			remoteInfo = Middle_School_Management_App;
		};
/* End PBXContainerItemProxy section */

/* Begin PBXFileReference section */
		8126D2CC29DCEE3B00BD8CA7 /* ClassTableViewCell.swift */ = {isa = PBXFileReference; lastKnownFileType = sourcecode.swift; path = ClassTableViewCell.swift; sourceTree = "<group>"; };
		8126D2D029DD13C700BD8CA7 /* LinkTableViewCell.swift */ = {isa = PBXFileReference; lastKnownFileType = sourcecode.swift; path = LinkTableViewCell.swift; sourceTree = "<group>"; };
		8126D2D229DD1F0E00BD8CA7 /* PostTableViewCell.swift */ = {isa = PBXFileReference; lastKnownFileType = sourcecode.swift; path = PostTableViewCell.swift; sourceTree = "<group>"; };
		B53ED10729BF7AD50087A59A /* Middle_School_Management_App.app */ = {isa = PBXFileReference; explicitFileType = wrapper.application; includeInIndex = 0; path = Middle_School_Management_App.app; sourceTree = BUILT_PRODUCTS_DIR; };
		B53ED10A29BF7AD50087A59A /* AppDelegate.swift */ = {isa = PBXFileReference; lastKnownFileType = sourcecode.swift; path = AppDelegate.swift; sourceTree = "<group>"; };
		B53ED10C29BF7AD50087A59A /* SceneDelegate.swift */ = {isa = PBXFileReference; lastKnownFileType = sourcecode.swift; path = SceneDelegate.swift; sourceTree = "<group>"; };
		B53ED10E29BF7AD50087A59A /* ViewController.swift */ = {isa = PBXFileReference; lastKnownFileType = sourcecode.swift; path = ViewController.swift; sourceTree = "<group>"; };
		B53ED11129BF7AD50087A59A /* Base */ = {isa = PBXFileReference; lastKnownFileType = file.storyboard; name = Base; path = Base.lproj/Main.storyboard; sourceTree = "<group>"; };
		B53ED11329BF7AD90087A59A /* Assets.xcassets */ = {isa = PBXFileReference; lastKnownFileType = folder.assetcatalog; path = Assets.xcassets; sourceTree = "<group>"; };
		B53ED11629BF7AD90087A59A /* Base */ = {isa = PBXFileReference; lastKnownFileType = file.storyboard; name = Base; path = Base.lproj/LaunchScreen.storyboard; sourceTree = "<group>"; };
		B53ED11829BF7AD90087A59A /* Info.plist */ = {isa = PBXFileReference; lastKnownFileType = text.plist.xml; path = Info.plist; sourceTree = "<group>"; };
		B53ED11D29BF7ADA0087A59A /* Middle_School_Management_AppTests.xctest */ = {isa = PBXFileReference; explicitFileType = wrapper.cfbundle; includeInIndex = 0; path = Middle_School_Management_AppTests.xctest; sourceTree = BUILT_PRODUCTS_DIR; };
		B53ED12129BF7ADA0087A59A /* Middle_School_Management_AppTests.swift */ = {isa = PBXFileReference; lastKnownFileType = sourcecode.swift; path = Middle_School_Management_AppTests.swift; sourceTree = "<group>"; };
		B53ED12729BF7ADA0087A59A /* Middle_School_Management_AppUITests.xctest */ = {isa = PBXFileReference; explicitFileType = wrapper.cfbundle; includeInIndex = 0; path = Middle_School_Management_AppUITests.xctest; sourceTree = BUILT_PRODUCTS_DIR; };
		B53ED12B29BF7ADA0087A59A /* Middle_School_Management_AppUITests.swift */ = {isa = PBXFileReference; lastKnownFileType = sourcecode.swift; path = Middle_School_Management_AppUITests.swift; sourceTree = "<group>"; };
		B53ED12D29BF7ADA0087A59A /* Middle_School_Management_AppUITestsLaunchTests.swift */ = {isa = PBXFileReference; lastKnownFileType = sourcecode.swift; path = Middle_School_Management_AppUITestsLaunchTests.swift; sourceTree = "<group>"; };
/* End PBXFileReference section */

/* Begin PBXFrameworksBuildPhase section */
		B53ED10429BF7AD50087A59A /* Frameworks */ = {
			isa = PBXFrameworksBuildPhase;
			buildActionMask = 2147483647;
			files = (
			);
			runOnlyForDeploymentPostprocessing = 0;
		};
		B53ED11A29BF7ADA0087A59A /* Frameworks */ = {
			isa = PBXFrameworksBuildPhase;
			buildActionMask = 2147483647;
			files = (
			);
			runOnlyForDeploymentPostprocessing = 0;
		};
		B53ED12429BF7ADA0087A59A /* Frameworks */ = {
			isa = PBXFrameworksBuildPhase;
			buildActionMask = 2147483647;
			files = (
			);
			runOnlyForDeploymentPostprocessing = 0;
		};
/* End PBXFrameworksBuildPhase section */

/* Begin PBXGroup section */
		B53ED0FE29BF7AD50087A59A = {
			isa = PBXGroup;
			children = (
				B53ED10929BF7AD50087A59A /* Middle_School_Management_App */,
				B53ED12029BF7ADA0087A59A /* Middle_School_Management_AppTests */,
				B53ED12A29BF7ADA0087A59A /* Middle_School_Management_AppUITests */,
				B53ED10829BF7AD50087A59A /* Products */,
			);
			sourceTree = "<group>";
		};
		B53ED10829BF7AD50087A59A /* Products */ = {
			isa = PBXGroup;
			children = (
				B53ED10729BF7AD50087A59A /* Middle_School_Management_App.app */,
				B53ED11D29BF7ADA0087A59A /* Middle_School_Management_AppTests.xctest */,
				B53ED12729BF7ADA0087A59A /* Middle_School_Management_AppUITests.xctest */,
			);
			name = Products;
			sourceTree = "<group>";
		};
		B53ED10929BF7AD50087A59A /* Middle_School_Management_App */ = {
			isa = PBXGroup;
			children = (
				B53ED10A29BF7AD50087A59A /* AppDelegate.swift */,
				B53ED10C29BF7AD50087A59A /* SceneDelegate.swift */,
				B53ED10E29BF7AD50087A59A /* ViewController.swift */,
				B53ED11029BF7AD50087A59A /* Main.storyboard */,
				B53ED11329BF7AD90087A59A /* Assets.xcassets */,
				B53ED11529BF7AD90087A59A /* LaunchScreen.storyboard */,
				B53ED11829BF7AD90087A59A /* Info.plist */,
				8126D2CC29DCEE3B00BD8CA7 /* ClassTableViewCell.swift */,
				8126D2D029DD13C700BD8CA7 /* LinkTableViewCell.swift */,
				8126D2D229DD1F0E00BD8CA7 /* PostTableViewCell.swift */,
			);
			path = Middle_School_Management_App;
			sourceTree = "<group>";
		};
		B53ED12029BF7ADA0087A59A /* Middle_School_Management_AppTests */ = {
			isa = PBXGroup;
			children = (
				B53ED12129BF7ADA0087A59A /* Middle_School_Management_AppTests.swift */,
			);
			path = Middle_School_Management_AppTests;
			sourceTree = "<group>";
		};
		B53ED12A29BF7ADA0087A59A /* Middle_School_Management_AppUITests */ = {
			isa = PBXGroup;
			children = (
				B53ED12B29BF7ADA0087A59A /* Middle_School_Management_AppUITests.swift */,
				B53ED12D29BF7ADA0087A59A /* Middle_School_Management_AppUITestsLaunchTests.swift */,
			);
			path = Middle_School_Management_AppUITests;
			sourceTree = "<group>";
		};
/* End PBXGroup section */

/* Begin PBXNativeTarget section */
		B53ED10629BF7AD50087A59A /* Middle_School_Management_App */ = {
			isa = PBXNativeTarget;
			buildConfigurationList = B53ED13129BF7ADA0087A59A /* Build configuration list for PBXNativeTarget "Middle_School_Management_App" */;
			buildPhases = (
				B53ED10329BF7AD50087A59A /* Sources */,
				B53ED10429BF7AD50087A59A /* Frameworks */,
				B53ED10529BF7AD50087A59A /* Resources */,
			);
			buildRules = (
			);
			dependencies = (
			);
			name = Middle_School_Management_App;
			productName = Middle_School_Management_App;
			productReference = B53ED10729BF7AD50087A59A /* Middle_School_Management_App.app */;
			productType = "com.apple.product-type.application";
		};
		B53ED11C29BF7ADA0087A59A /* Middle_School_Management_AppTests */ = {
			isa = PBXNativeTarget;
			buildConfigurationList = B53ED13429BF7ADA0087A59A /* Build configuration list for PBXNativeTarget "Middle_School_Management_AppTests" */;
			buildPhases = (
				B53ED11929BF7ADA0087A59A /* Sources */,
				B53ED11A29BF7ADA0087A59A /* Frameworks */,
				B53ED11B29BF7ADA0087A59A /* Resources */,
			);
			buildRules = (
			);
			dependencies = (
				B53ED11F29BF7ADA0087A59A /* PBXTargetDependency */,
			);
			name = Middle_School_Management_AppTests;
			productName = Middle_School_Management_AppTests;
			productReference = B53ED11D29BF7ADA0087A59A /* Middle_School_Management_AppTests.xctest */;
			productType = "com.apple.product-type.bundle.unit-test";
		};
		B53ED12629BF7ADA0087A59A /* Middle_School_Management_AppUITests */ = {
			isa = PBXNativeTarget;
			buildConfigurationList = B53ED13729BF7ADA0087A59A /* Build configuration list for PBXNativeTarget "Middle_School_Management_AppUITests" */;
			buildPhases = (
				B53ED12329BF7ADA0087A59A /* Sources */,
				B53ED12429BF7ADA0087A59A /* Frameworks */,
				B53ED12529BF7ADA0087A59A /* Resources */,
			);
			buildRules = (
			);
			dependencies = (
				B53ED12929BF7ADA0087A59A /* PBXTargetDependency */,
			);
			name = Middle_School_Management_AppUITests;
			productName = Middle_School_Management_AppUITests;
			productReference = B53ED12729BF7ADA0087A59A /* Middle_School_Management_AppUITests.xctest */;
			productType = "com.apple.product-type.bundle.ui-testing";
		};
/* End PBXNativeTarget section */

/* Begin PBXProject section */
		B53ED0FF29BF7AD50087A59A /* Project object */ = {
			isa = PBXProject;
			attributes = {
				BuildIndependentTargetsInParallel = 1;
				LastSwiftUpdateCheck = 1420;
				LastUpgradeCheck = 1420;
				TargetAttributes = {
					B53ED10629BF7AD50087A59A = {
						CreatedOnToolsVersion = 14.2;
					};
					B53ED11C29BF7ADA0087A59A = {
						CreatedOnToolsVersion = 14.2;
						TestTargetID = B53ED10629BF7AD50087A59A;
					};
					B53ED12629BF7ADA0087A59A = {
						CreatedOnToolsVersion = 14.2;
						TestTargetID = B53ED10629BF7AD50087A59A;
					};
				};
			};
			buildConfigurationList = B53ED10229BF7AD50087A59A /* Build configuration list for PBXProject "Middle_School_Management_App" */;
			compatibilityVersion = "Xcode 14.0";
			developmentRegion = en;
			hasScannedForEncodings = 0;
			knownRegions = (
				en,
				Base,
			);
			mainGroup = B53ED0FE29BF7AD50087A59A;
			productRefGroup = B53ED10829BF7AD50087A59A /* Products */;
			projectDirPath = "";
			projectRoot = "";
			targets = (
				B53ED10629BF7AD50087A59A /* Middle_School_Management_App */,
				B53ED11C29BF7ADA0087A59A /* Middle_School_Management_AppTests */,
				B53ED12629BF7ADA0087A59A /* Middle_School_Management_AppUITests */,
			);
		};
/* End PBXProject section */

/* Begin PBXResourcesBuildPhase section */
		B53ED10529BF7AD50087A59A /* Resources */ = {
			isa = PBXResourcesBuildPhase;
			buildActionMask = 2147483647;
			files = (
				B53ED11729BF7AD90087A59A /* LaunchScreen.storyboard in Resources */,
				B53ED11429BF7AD90087A59A /* Assets.xcassets in Resources */,
				B53ED11229BF7AD50087A59A /* Main.storyboard in Resources */,
			);
			runOnlyForDeploymentPostprocessing = 0;
		};
		B53ED11B29BF7ADA0087A59A /* Resources */ = {
			isa = PBXResourcesBuildPhase;
			buildActionMask = 2147483647;
			files = (
			);
			runOnlyForDeploymentPostprocessing = 0;
		};
		B53ED12529BF7ADA0087A59A /* Resources */ = {
			isa = PBXResourcesBuildPhase;
			buildActionMask = 2147483647;
			files = (
			);
			runOnlyForDeploymentPostprocessing = 0;
		};
/* End PBXResourcesBuildPhase section */

/* Begin PBXSourcesBuildPhase section */
		B53ED10329BF7AD50087A59A /* Sources */ = {
			isa = PBXSourcesBuildPhase;
			buildActionMask = 2147483647;
			files = (
				8126D2D329DD1F0E00BD8CA7 /* PostTableViewCell.swift in Sources */,
				8126D2CD29DCEE3B00BD8CA7 /* ClassTableViewCell.swift in Sources */,
				B53ED10F29BF7AD50087A59A /* ViewController.swift in Sources */,
				B53ED10B29BF7AD50087A59A /* AppDelegate.swift in Sources */,
				8126D2D129DD13C700BD8CA7 /* LinkTableViewCell.swift in Sources */,
				B53ED10D29BF7AD50087A59A /* SceneDelegate.swift in Sources */,
			);
			runOnlyForDeploymentPostprocessing = 0;
		};
		B53ED11929BF7ADA0087A59A /* Sources */ = {
			isa = PBXSourcesBuildPhase;
			buildActionMask = 2147483647;
			files = (
				B53ED12229BF7ADA0087A59A /* Middle_School_Management_AppTests.swift in Sources */,
			);
			runOnlyForDeploymentPostprocessing = 0;
		};
		B53ED12329BF7ADA0087A59A /* Sources */ = {
			isa = PBXSourcesBuildPhase;
			buildActionMask = 2147483647;
			files = (
				B53ED12E29BF7ADA0087A59A /* Middle_School_Management_AppUITestsLaunchTests.swift in Sources */,
				B53ED12C29BF7ADA0087A59A /* Middle_School_Management_AppUITests.swift in Sources */,
			);
			runOnlyForDeploymentPostprocessing = 0;
		};
/* End PBXSourcesBuildPhase section */

/* Begin PBXTargetDependency section */
		B53ED11F29BF7ADA0087A59A /* PBXTargetDependency */ = {
			isa = PBXTargetDependency;
			target = B53ED10629BF7AD50087A59A /* Middle_School_Management_App */;
			targetProxy = B53ED11E29BF7ADA0087A59A /* PBXContainerItemProxy */;
		};
		B53ED12929BF7ADA0087A59A /* PBXTargetDependency */ = {
			isa = PBXTargetDependency;
			target = B53ED10629BF7AD50087A59A /* Middle_School_Management_App */;
			targetProxy = B53ED12829BF7ADA0087A59A /* PBXContainerItemProxy */;
		};
/* End PBXTargetDependency section */

/* Begin PBXVariantGroup section */
		B53ED11029BF7AD50087A59A /* Main.storyboard */ = {
			isa = PBXVariantGroup;
			children = (
				B53ED11129BF7AD50087A59A /* Base */,
			);
			name = Main.storyboard;
			sourceTree = "<group>";
		};
		B53ED11529BF7AD90087A59A /* LaunchScreen.storyboard */ = {
			isa = PBXVariantGroup;
			children = (
				B53ED11629BF7AD90087A59A /* Base */,
			);
			name = LaunchScreen.storyboard;
			sourceTree = "<group>";
		};
/* End PBXVariantGroup section */

/* Begin XCBuildConfiguration section */
		B53ED12F29BF7ADA0087A59A /* Debug */ = {
			isa = XCBuildConfiguration;
			buildSettings = {
				ALWAYS_SEARCH_USER_PATHS = NO;
				CLANG_ANALYZER_NONNULL = YES;
				CLANG_ANALYZER_NUMBER_OBJECT_CONVERSION = YES_AGGRESSIVE;
				CLANG_CXX_LANGUAGE_STANDARD = "gnu++20";
				CLANG_ENABLE_MODULES = YES;
				CLANG_ENABLE_OBJC_ARC = YES;
				CLANG_ENABLE_OBJC_WEAK = YES;
				CLANG_WARN_BLOCK_CAPTURE_AUTORELEASING = YES;
				CLANG_WARN_BOOL_CONVERSION = YES;
				CLANG_WARN_COMMA = YES;
				CLANG_WARN_CONSTANT_CONVERSION = YES;
				CLANG_WARN_DEPRECATED_OBJC_IMPLEMENTATIONS = YES;
				CLANG_WARN_DIRECT_OBJC_ISA_USAGE = YES_ERROR;
				CLANG_WARN_DOCUMENTATION_COMMENTS = YES;
				CLANG_WARN_EMPTY_BODY = YES;
				CLANG_WARN_ENUM_CONVERSION = YES;
				CLANG_WARN_INFINITE_RECURSION = YES;
				CLANG_WARN_INT_CONVERSION = YES;
				CLANG_WARN_NON_LITERAL_NULL_CONVERSION = YES;
				CLANG_WARN_OBJC_IMPLICIT_RETAIN_SELF = YES;
				CLANG_WARN_OBJC_LITERAL_CONVERSION = YES;
				CLANG_WARN_OBJC_ROOT_CLASS = YES_ERROR;
				CLANG_WARN_QUOTED_INCLUDE_IN_FRAMEWORK_HEADER = YES;
				CLANG_WARN_RANGE_LOOP_ANALYSIS = YES;
				CLANG_WARN_STRICT_PROTOTYPES = YES;
				CLANG_WARN_SUSPICIOUS_MOVE = YES;
				CLANG_WARN_UNGUARDED_AVAILABILITY = YES_AGGRESSIVE;
				CLANG_WARN_UNREACHABLE_CODE = YES;
				CLANG_WARN__DUPLICATE_METHOD_MATCH = YES;
				COPY_PHASE_STRIP = NO;
				DEBUG_INFORMATION_FORMAT = dwarf;
				ENABLE_STRICT_OBJC_MSGSEND = YES;
				ENABLE_TESTABILITY = YES;
				GCC_C_LANGUAGE_STANDARD = gnu11;
				GCC_DYNAMIC_NO_PIC = NO;
				GCC_NO_COMMON_BLOCKS = YES;
				GCC_OPTIMIZATION_LEVEL = 0;
				GCC_PREPROCESSOR_DEFINITIONS = (
					"DEBUG=1",
					"$(inherited)",
				);
				GCC_WARN_64_TO_32_BIT_CONVERSION = YES;
				GCC_WARN_ABOUT_RETURN_TYPE = YES_ERROR;
				GCC_WARN_UNDECLARED_SELECTOR = YES;
				GCC_WARN_UNINITIALIZED_AUTOS = YES_AGGRESSIVE;
				GCC_WARN_UNUSED_FUNCTION = YES;
				GCC_WARN_UNUSED_VARIABLE = YES;
				IPHONEOS_DEPLOYMENT_TARGET = 16.2;
				MTL_ENABLE_DEBUG_INFO = INCLUDE_SOURCE;
				MTL_FAST_MATH = YES;
				ONLY_ACTIVE_ARCH = YES;
				SDKROOT = iphoneos;
				SWIFT_ACTIVE_COMPILATION_CONDITIONS = DEBUG;
				SWIFT_OPTIMIZATION_LEVEL = "-Onone";
			};
			name = Debug;
		};
		B53ED13029BF7ADA0087A59A /* Release */ = {
			isa = XCBuildConfiguration;
			buildSettings = {
				ALWAYS_SEARCH_USER_PATHS = NO;
				CLANG_ANALYZER_NONNULL = YES;
				CLANG_ANALYZER_NUMBER_OBJECT_CONVERSION = YES_AGGRESSIVE;
				CLANG_CXX_LANGUAGE_STANDARD = "gnu++20";
				CLANG_ENABLE_MODULES = YES;
				CLANG_ENABLE_OBJC_ARC = YES;
				CLANG_ENABLE_OBJC_WEAK = YES;
				CLANG_WARN_BLOCK_CAPTURE_AUTORELEASING = YES;
				CLANG_WARN_BOOL_CONVERSION = YES;
				CLANG_WARN_COMMA = YES;
				CLANG_WARN_CONSTANT_CONVERSION = YES;
				CLANG_WARN_DEPRECATED_OBJC_IMPLEMENTATIONS = YES;
				CLANG_WARN_DIRECT_OBJC_ISA_USAGE = YES_ERROR;
				CLANG_WARN_DOCUMENTATION_COMMENTS = YES;
				CLANG_WARN_EMPTY_BODY = YES;
				CLANG_WARN_ENUM_CONVERSION = YES;
				CLANG_WARN_INFINITE_RECURSION = YES;
				CLANG_WARN_INT_CONVERSION = YES;
				CLANG_WARN_NON_LITERAL_NULL_CONVERSION = YES;
				CLANG_WARN_OBJC_IMPLICIT_RETAIN_SELF = YES;
				CLANG_WARN_OBJC_LITERAL_CONVERSION = YES;
				CLANG_WARN_OBJC_ROOT_CLASS = YES_ERROR;
				CLANG_WARN_QUOTED_INCLUDE_IN_FRAMEWORK_HEADER = YES;
				CLANG_WARN_RANGE_LOOP_ANALYSIS = YES;
				CLANG_WARN_STRICT_PROTOTYPES = YES;
				CLANG_WARN_SUSPICIOUS_MOVE = YES;
				CLANG_WARN_UNGUARDED_AVAILABILITY = YES_AGGRESSIVE;
				CLANG_WARN_UNREACHABLE_CODE = YES;
				CLANG_WARN__DUPLICATE_METHOD_MATCH = YES;
				COPY_PHASE_STRIP = NO;
				DEBUG_INFORMATION_FORMAT = "dwarf-with-dsym";
				ENABLE_NS_ASSERTIONS = NO;
				ENABLE_STRICT_OBJC_MSGSEND = YES;
				GCC_C_LANGUAGE_STANDARD = gnu11;
				GCC_NO_COMMON_BLOCKS = YES;
				GCC_WARN_64_TO_32_BIT_CONVERSION = YES;
				GCC_WARN_ABOUT_RETURN_TYPE = YES_ERROR;
				GCC_WARN_UNDECLARED_SELECTOR = YES;
				GCC_WARN_UNINITIALIZED_AUTOS = YES_AGGRESSIVE;
				GCC_WARN_UNUSED_FUNCTION = YES;
				GCC_WARN_UNUSED_VARIABLE = YES;
				IPHONEOS_DEPLOYMENT_TARGET = 16.2;
				MTL_ENABLE_DEBUG_INFO = NO;
				MTL_FAST_MATH = YES;
				SDKROOT = iphoneos;
				SWIFT_COMPILATION_MODE = wholemodule;
				SWIFT_OPTIMIZATION_LEVEL = "-O";
				VALIDATE_PRODUCT = YES;
			};
			name = Release;
		};
		B53ED13229BF7ADA0087A59A /* Debug */ = {
			isa = XCBuildConfiguration;
			buildSettings = {
				ASSETCATALOG_COMPILER_APPICON_NAME = AppIcon;
				ASSETCATALOG_COMPILER_GLOBAL_ACCENT_COLOR_NAME = AccentColor;
				CODE_SIGN_STYLE = Automatic;
				CURRENT_PROJECT_VERSION = 1;
				DEVELOPMENT_TEAM = HZ96R889CP;
				GENERATE_INFOPLIST_FILE = YES;
				INFOPLIST_FILE = Middle_School_Management_App/Info.plist;
				INFOPLIST_KEY_UIApplicationSupportsIndirectInputEvents = YES;
				INFOPLIST_KEY_UILaunchStoryboardName = LaunchScreen;
				INFOPLIST_KEY_UIMainStoryboardFile = Main;
				INFOPLIST_KEY_UISupportedInterfaceOrientations_iPad = "UIInterfaceOrientationPortrait UIInterfaceOrientationPortraitUpsideDown UIInterfaceOrientationLandscapeLeft UIInterfaceOrientationLandscapeRight";
				INFOPLIST_KEY_UISupportedInterfaceOrientations_iPhone = "UIInterfaceOrientationPortrait UIInterfaceOrientationLandscapeLeft UIInterfaceOrientationLandscapeRight";
				LD_RUNPATH_SEARCH_PATHS = (
					"$(inherited)",
					"@executable_path/Frameworks",
				);
				MARKETING_VERSION = 1.0;
				PRODUCT_BUNDLE_IDENTIFIER = "com.vivianneyee.Middle-School-Management-App";
				PRODUCT_NAME = "$(TARGET_NAME)";
				SWIFT_EMIT_LOC_STRINGS = YES;
				SWIFT_VERSION = 5.0;
				TARGETED_DEVICE_FAMILY = "1,2";
			};
			name = Debug;
		};
		B53ED13329BF7ADA0087A59A /* Release */ = {
			isa = XCBuildConfiguration;
			buildSettings = {
				ASSETCATALOG_COMPILER_APPICON_NAME = AppIcon;
				ASSETCATALOG_COMPILER_GLOBAL_ACCENT_COLOR_NAME = AccentColor;
				CODE_SIGN_STYLE = Automatic;
				CURRENT_PROJECT_VERSION = 1;
				DEVELOPMENT_TEAM = HZ96R889CP;
				GENERATE_INFOPLIST_FILE = YES;
				INFOPLIST_FILE = Middle_School_Management_App/Info.plist;
				INFOPLIST_KEY_UIApplicationSupportsIndirectInputEvents = YES;
				INFOPLIST_KEY_UILaunchStoryboardName = LaunchScreen;
				INFOPLIST_KEY_UIMainStoryboardFile = Main;
				INFOPLIST_KEY_UISupportedInterfaceOrientations_iPad = "UIInterfaceOrientationPortrait UIInterfaceOrientationPortraitUpsideDown UIInterfaceOrientationLandscapeLeft UIInterfaceOrientationLandscapeRight";
				INFOPLIST_KEY_UISupportedInterfaceOrientations_iPhone = "UIInterfaceOrientationPortrait UIInterfaceOrientationLandscapeLeft UIInterfaceOrientationLandscapeRight";
				LD_RUNPATH_SEARCH_PATHS = (
					"$(inherited)",
					"@executable_path/Frameworks",
				);
				MARKETING_VERSION = 1.0;
				PRODUCT_BUNDLE_IDENTIFIER = "com.vivianneyee.Middle-School-Management-App";
				PRODUCT_NAME = "$(TARGET_NAME)";
				SWIFT_EMIT_LOC_STRINGS = YES;
				SWIFT_VERSION = 5.0;
				TARGETED_DEVICE_FAMILY = "1,2";
			};
			name = Release;
		};
		B53ED13529BF7ADA0087A59A /* Debug */ = {
			isa = XCBuildConfiguration;
			buildSettings = {
				ALWAYS_EMBED_SWIFT_STANDARD_LIBRARIES = YES;
				BUNDLE_LOADER = "$(TEST_HOST)";
				CODE_SIGN_STYLE = Automatic;
				CURRENT_PROJECT_VERSION = 1;
				DEVELOPMENT_TEAM = HZ96R889CP;
				GENERATE_INFOPLIST_FILE = YES;
				IPHONEOS_DEPLOYMENT_TARGET = 16.2;
				MARKETING_VERSION = 1.0;
				PRODUCT_BUNDLE_IDENTIFIER = "com.vivianneyee.Middle-School-Management-AppTests";
				PRODUCT_NAME = "$(TARGET_NAME)";
				SWIFT_EMIT_LOC_STRINGS = NO;
				SWIFT_VERSION = 5.0;
				TARGETED_DEVICE_FAMILY = "1,2";
				TEST_HOST = "$(BUILT_PRODUCTS_DIR)/Middle_School_Management_App.app/$(BUNDLE_EXECUTABLE_FOLDER_PATH)/Middle_School_Management_App";
			};
			name = Debug;
		};
		B53ED13629BF7ADA0087A59A /* Release */ = {
			isa = XCBuildConfiguration;
			buildSettings = {
				ALWAYS_EMBED_SWIFT_STANDARD_LIBRARIES = YES;
				BUNDLE_LOADER = "$(TEST_HOST)";
				CODE_SIGN_STYLE = Automatic;
				CURRENT_PROJECT_VERSION = 1;
				DEVELOPMENT_TEAM = HZ96R889CP;
				GENERATE_INFOPLIST_FILE = YES;
				IPHONEOS_DEPLOYMENT_TARGET = 16.2;
				MARKETING_VERSION = 1.0;
				PRODUCT_BUNDLE_IDENTIFIER = "com.vivianneyee.Middle-School-Management-AppTests";
				PRODUCT_NAME = "$(TARGET_NAME)";
				SWIFT_EMIT_LOC_STRINGS = NO;
				SWIFT_VERSION = 5.0;
				TARGETED_DEVICE_FAMILY = "1,2";
				TEST_HOST = "$(BUILT_PRODUCTS_DIR)/Middle_School_Management_App.app/$(BUNDLE_EXECUTABLE_FOLDER_PATH)/Middle_School_Management_App";
			};
			name = Release;
		};
		B53ED13829BF7ADA0087A59A /* Debug */ = {
			isa = XCBuildConfiguration;
			buildSettings = {
				ALWAYS_EMBED_SWIFT_STANDARD_LIBRARIES = YES;
				CODE_SIGN_STYLE = Automatic;
				CURRENT_PROJECT_VERSION = 1;
				DEVELOPMENT_TEAM = HZ96R889CP;
				GENERATE_INFOPLIST_FILE = YES;
				MARKETING_VERSION = 1.0;
				PRODUCT_BUNDLE_IDENTIFIER = "com.vivianneyee.Middle-School-Management-AppUITests";
				PRODUCT_NAME = "$(TARGET_NAME)";
				SWIFT_EMIT_LOC_STRINGS = NO;
				SWIFT_VERSION = 5.0;
				TARGETED_DEVICE_FAMILY = "1,2";
				TEST_TARGET_NAME = Middle_School_Management_App;
			};
			name = Debug;
		};
		B53ED13929BF7ADA0087A59A /* Release */ = {
			isa = XCBuildConfiguration;
			buildSettings = {
				ALWAYS_EMBED_SWIFT_STANDARD_LIBRARIES = YES;
				CODE_SIGN_STYLE = Automatic;
				CURRENT_PROJECT_VERSION = 1;
				DEVELOPMENT_TEAM = HZ96R889CP;
				GENERATE_INFOPLIST_FILE = YES;
				MARKETING_VERSION = 1.0;
				PRODUCT_BUNDLE_IDENTIFIER = "com.vivianneyee.Middle-School-Management-AppUITests";
				PRODUCT_NAME = "$(TARGET_NAME)";
				SWIFT_EMIT_LOC_STRINGS = NO;
				SWIFT_VERSION = 5.0;
				TARGETED_DEVICE_FAMILY = "1,2";
				TEST_TARGET_NAME = Middle_School_Management_App;
			};
			name = Release;
		};
/* End XCBuildConfiguration section */

/* Begin XCConfigurationList section */
		B53ED10229BF7AD50087A59A /* Build configuration list for PBXProject "Middle_School_Management_App" */ = {
			isa = XCConfigurationList;
			buildConfigurations = (
				B53ED12F29BF7ADA0087A59A /* Debug */,
				B53ED13029BF7ADA0087A59A /* Release */,
			);
			defaultConfigurationIsVisible = 0;
			defaultConfigurationName = Release;
		};
		B53ED13129BF7ADA0087A59A /* Build configuration list for PBXNativeTarget "Middle_School_Management_App" */ = {
			isa = XCConfigurationList;
			buildConfigurations = (
				B53ED13229BF7ADA0087A59A /* Debug */,
				B53ED13329BF7ADA0087A59A /* Release */,
			);
			defaultConfigurationIsVisible = 0;
			defaultConfigurationName = Release;
		};
		B53ED13429BF7ADA0087A59A /* Build configuration list for PBXNativeTarget "Middle_School_Management_AppTests" */ = {
			isa = XCConfigurationList;
			buildConfigurations = (
				B53ED13529BF7ADA0087A59A /* Debug */,
				B53ED13629BF7ADA0087A59A /* Release */,
			);
			defaultConfigurationIsVisible = 0;
			defaultConfigurationName = Release;
		};
		B53ED13729BF7ADA0087A59A /* Build configuration list for PBXNativeTarget "Middle_School_Management_AppUITests" */ = {
			isa = XCConfigurationList;
			buildConfigurations = (
				B53ED13829BF7ADA0087A59A /* Debug */,
				B53ED13929BF7ADA0087A59A /* Release */,
			);
			defaultConfigurationIsVisible = 0;
			defaultConfigurationName = Release;
		};
/* End XCConfigurationList section */
	};
	rootObject = B53ED0FF29BF7AD50087A59A /* Project object */;
}
